
Microsoft Visual Studio Solution File, Format Version 12.00
# Visual Studio 15
VisualStudioVersion = 15.0.27004.2005
MinimumVisualStudioVersion = 10.0.40219.1
Project("{FAE04EC0-301F-11D3-BF4B-00C04F79EFBC}") = "dashboard", "dashboard\dashboard.csproj", "{78D22589-03E2-4576-B6A3-3D3050AC24A2}"
EndProject
Project("{FAE04EC0-301F-11D3-BF4B-00C04F79EFBC}") = "MyImageButton", "MyImageButton\MyImageButton.csproj", "{FEDD8575-3B55-4CF3-ACB7-7D463F46D0ED}"
EndProject
Global
	GlobalSection(SolutionConfigurationPlatforms) = preSolution
		Debug|Any CPU = Debug|Any CPU
		Release|Any CPU = Release|Any CPU
	EndGlobalSection
	GlobalSection(ProjectConfigurationPlatforms) = postSolution
		{78D22589-03E2-4576-B6A3-3D3050AC24A2}.Debug|Any CPU.ActiveCfg = Debug|Any CPU
		{78D22589-03E2-4576-B6A3-3D3050AC24A2}.Debug|Any CPU.Build.0 = Debug|Any CPU
		{78D22589-03E2-4576-B6A3-3D3050AC24A2}.Release|Any CPU.ActiveCfg = Release|Any CPU
		{78D22589-03E2-4576-B6A3-3D3050AC24A2}.Release|Any CPU.Build.0 = Release|Any CPU
		{FEDD8575-3B55-4CF3-ACB7-7D463F46D0ED}.Debug|Any CPU.ActiveCfg = Debug|Any CPU
		{FEDD8575-3B55-4CF3-ACB7-7D463F46D0ED}.Debug|Any CPU.Build.0 = Debug|Any CPU
		{FEDD8575-3B55-4CF3-ACB7-7D463F46D0ED}.Release|Any CPU.ActiveCfg = Release|Any CPU
		{FEDD8575-3B55-4CF3-ACB7-7D463F46D0ED}.Release|Any CPU.Build.0 = Release|Any CPU
	EndGlobalSection
	GlobalSection(SolutionProperties) = preSolution
		HideSolutionNode = FALSE
	EndGlobalSection
	GlobalSection(ExtensibilityGlobals) = postSolution
		SolutionGuid = {8E2D0C7B-0A4A-469F-BA39-09B4C06ACAE4}
	EndGlobalSection
EndGlobal
